<?xml version="1.0"?>
<CONFIG>
  <ProjectOptions>
    <Version Value="9"/>
    <PathDelim Value="\"/>
    <General>
      <Flags>
        <LRSInOutputDirectory Value="False"/>
      </Flags>
      <MainUnit Value="0"/>
      <Title Value="Asphyre Basic Example"/>
      <UseXPManifest Value="True"/>
      <Icon Value="0"/>
      <ActiveWindowIndexAtStart Value="0"/>
    </General>
    <VersionInfo>
      <Language Value=""/>
      <CharSet Value=""/>
      <StringTable ProductVersion=""/>
    </VersionInfo>
    <BuildModes Count="1">
      <Item1 Name="default" Default="True"/>
    </BuildModes>
    <PublishOptions>
      <Version Value="2"/>
      <IgnoreBinaries Value="False"/>
      <IncludeFileFilter Value="*.(pas|pp|inc|lfm|lpr|lrs|lpi|lpk|sh|xml)"/>
      <ExcludeFileFilter Value="*.(bak|ppu|ppw|o|so);*~;backup"/>
    </PublishOptions>
    <RunParams>
      <local>
        <FormatVersion Value="1"/>
        <LaunchingApplication PathPlusParams="\usr\X11R6\bin\xterm -T 'Lazarus Run Output' -e $(LazarusDir)\tools\runwait.sh $(TargetCmdLine)"/>
      </local>
    </RunParams>
    <RequiredPackages Count="1">
      <Item1>
        <PackageName Value="LCL"/>
      </Item1>
    </RequiredPackages>
    <Units Count="189">
      <Unit0>
        <Filename Value="BasicL.lpr"/>
        <IsPartOfProject Value="True"/>
        <UnitName Value="BasicL"/>
        <EditorIndex Value="7"/>
        <WindowIndex Value="0"/>
        <TopLine Value="1"/>
        <CursorPos X="1" Y="16"/>
        <UsageCount Value="71"/>
        <Loaded Value="True"/>
      </Unit0>
      <Unit1>
        <Filename Value="MainFm.pas"/>
        <IsPartOfProject Value="True"/>
        <ComponentName Value="MainForm"/>
        <HasResources Value="True"/>
        <ResourceBaseClass Value="Form"/>
        <UnitName Value="MainFm"/>
        <IsVisibleTab Value="True"/>
        <EditorIndex Value="0"/>
        <WindowIndex Value="0"/>
        <TopLine Value="56"/>
        <CursorPos X="1" Y="76"/>
        <UsageCount Value="71"/>
        <Loaded Value="True"/>
        <LoadedDesigner Value="True"/>
      </Unit1>
      <Unit2>
        <Filename Value="Vectors2px.pas"/>
        <UnitName Value="Vectors2px"/>
        <TopLine Value="113"/>
        <CursorPos X="1" Y="137"/>
        <UsageCount Value="9"/>
      </Unit2>
      <Unit3>
        <Filename Value="Vectors2.pas"/>
        <UnitName Value="Vectors2"/>
        <TopLine Value="83"/>
        <CursorPos X="40" Y="110"/>
        <UsageCount Value="8"/>
      </Unit3>
      <Unit4>
        <Filename Value="AsphyreColors.pas"/>
        <UnitName Value="AsphyreColors"/>
        <TopLine Value="52"/>
        <CursorPos X="1" Y="53"/>
        <UsageCount Value="8"/>
      </Unit4>
      <Unit5>
        <Filename Value="AsphyreUtils.pas"/>
        <UnitName Value="AsphyreUtils"/>
        <TopLine Value="21"/>
        <CursorPos X="26" Y="44"/>
        <UsageCount Value="8"/>
      </Unit5>
      <Unit6>
        <Filename Value="AsphyreTypes.pas"/>
        <UnitName Value="AsphyreTypes"/>
        <TopLine Value="263"/>
        <CursorPos X="1" Y="283"/>
        <UsageCount Value="8"/>
      </Unit6>
      <Unit7>
        <Filename Value="C:\DOCUME~1\LIFEPO~1\LOCALS~1\Temp\testcompileroptions.pas"/>
        <UnitName Value="testcompileroptions"/>
        <TopLine Value="1"/>
        <CursorPos X="21" Y="1"/>
        <UsageCount Value="8"/>
      </Unit7>
      <Unit8>
        <Filename Value="..\..\Source\Matrices3.pas"/>
        <UnitName Value="Matrices3"/>
        <TopLine Value="53"/>
        <CursorPos X="60" Y="74"/>
        <UsageCount Value="8"/>
      </Unit8>
      <Unit9>
        <Filename Value="Source\Vectors2px.pas"/>
        <UnitName Value="Vectors2px"/>
        <TopLine Value="121"/>
        <CursorPos X="1" Y="137"/>
        <UsageCount Value="8"/>
      </Unit9>
      <Unit10>
        <Filename Value="..\..\Source\include\pixasm.inc"/>
        <TopLine Value="1"/>
        <CursorPos X="23" Y="26"/>
        <UsageCount Value="8"/>
      </Unit10>
      <Unit11>
        <Filename Value="Source\AsphyreConv.pas"/>
        <UnitName Value="AsphyreConv"/>
        <TopLine Value="26"/>
        <CursorPos X="34" Y="18"/>
        <UsageCount Value="8"/>
      </Unit11>
      <Unit12>
        <Filename Value="..\..\Source\AsphyreConv.pas"/>
        <UnitName Value="AsphyreConv"/>
        <TopLine Value="79"/>
        <CursorPos X="22" Y="100"/>
        <UsageCount Value="8"/>
      </Unit12>
      <Unit13>
        <Filename Value="..\..\Source\AsphyreUtils.pas"/>
        <UnitName Value="AsphyreUtils"/>
        <TopLine Value="140"/>
        <CursorPos X="1" Y="157"/>
        <UsageCount Value="8"/>
      </Unit13>
      <Unit14>
        <Filename Value="..\..\Source\asphyrezlib.pas"/>
        <UnitName Value="AsphyreZLib"/>
        <TopLine Value="862"/>
        <CursorPos X="13" Y="883"/>
        <UsageCount Value="8"/>
      </Unit14>
      <Unit15>
        <Filename Value="..\..\Source\AsphyreData.pas"/>
        <UnitName Value="AsphyreData"/>
        <TopLine Value="164"/>
        <CursorPos X="12" Y="108"/>
        <UsageCount Value="11"/>
      </Unit15>
      <Unit16>
        <Filename Value="..\..\Source\AsphyreXTEA.pas"/>
        <UnitName Value="AsphyreXTEA"/>
        <TopLine Value="11"/>
        <CursorPos X="37" Y="43"/>
        <UsageCount Value="8"/>
      </Unit16>
      <Unit17>
        <Filename Value="..\..\Source\AsphyreDb.pas"/>
        <UnitName Value="AsphyreDb"/>
        <TopLine Value="22"/>
        <CursorPos X="27" Y="33"/>
        <UsageCount Value="11"/>
      </Unit17>
      <Unit18>
        <Filename Value="..\..\Source\AsphyreImages.pas"/>
        <UnitName Value="AsphyreImages"/>
        <TopLine Value="133"/>
        <CursorPos X="30" Y="162"/>
        <UsageCount Value="11"/>
      </Unit18>
      <Unit19>
        <Filename Value="..\..\Source\AbstractCanvas.pas"/>
        <UnitName Value="AbstractCanvas"/>
        <TopLine Value="1"/>
        <CursorPos X="28" Y="9"/>
        <UsageCount Value="8"/>
      </Unit19>
      <Unit20>
        <Filename Value="..\..\Source\AsphyreFactory.pas"/>
        <UnitName Value="AsphyreFactory"/>
        <TopLine Value="98"/>
        <CursorPos X="1" Y="110"/>
        <UsageCount Value="8"/>
      </Unit20>
      <Unit21>
        <Filename Value="..\..\Source\LibXmlParser.pas"/>
        <UnitName Value="LibXmlParser"/>
        <TopLine Value="218"/>
        <CursorPos X="14" Y="235"/>
        <UsageCount Value="8"/>
      </Unit21>
      <Unit22>
        <Filename Value="..\..\Source\MediaImages.pas"/>
        <UnitName Value="MediaImages"/>
        <TopLine Value="317"/>
        <CursorPos X="1" Y="358"/>
        <UsageCount Value="8"/>
      </Unit22>
      <Unit23>
        <Filename Value="..\..\Source\AsphyreFonts.pas"/>
        <UnitName Value="AsphyreFonts"/>
        <TopLine Value="1"/>
        <CursorPos X="26" Y="15"/>
        <UsageCount Value="9"/>
      </Unit23>
      <Unit24>
        <Filename Value="GameMain.pas"/>
        <UnitName Value="GameMain"/>
        <TopLine Value="139"/>
        <CursorPos X="17" Y="17"/>
        <UsageCount Value="10"/>
      </Unit24>
      <Unit25>
        <Filename Value="..\..\Source\DX7Devices.pas"/>
        <UnitName Value="DX7Devices"/>
        <TopLine Value="77"/>
        <CursorPos X="1" Y="111"/>
        <UsageCount Value="9"/>
      </Unit25>
      <Unit26>
        <Filename Value="..\..\fpc\2.0.4\source\rtl\win32\windows.pp"/>
        <UnitName Value="windows"/>
        <TopLine Value="1"/>
        <CursorPos X="29" Y="19"/>
        <UsageCount Value="8"/>
      </Unit26>
      <Unit27>
        <Filename Value="..\..\lcl\forms.pp"/>
        <UnitName Value="Forms"/>
        <TopLine Value="814"/>
        <CursorPos X="14" Y="1079"/>
        <UsageCount Value="9"/>
      </Unit27>
      <Unit28>
        <Filename Value="..\..\fpc\2.0.4\source\packages\base\paszlib\paszlib.pas"/>
        <UnitName Value="paszlib"/>
        <TopLine Value="55"/>
        <CursorPos X="1" Y="77"/>
        <UsageCount Value="9"/>
      </Unit28>
      <Unit29>
        <Filename Value="..\..\fpc\2.0.4\source\packages\base\paszlib\zuncompr.pas"/>
        <UnitName Value="zuncompr"/>
        <TopLine Value="13"/>
        <CursorPos X="10" Y="34"/>
        <UsageCount Value="8"/>
      </Unit29>
      <Unit30>
        <Filename Value="..\..\Source\AsphyreMD5.pas"/>
        <UnitName Value="AsphyreMD5"/>
        <TopLine Value="1"/>
        <CursorPos X="42" Y="41"/>
        <UsageCount Value="9"/>
      </Unit30>
      <Unit31>
        <Filename Value="..\..\Source\Vectors2px.pas"/>
        <UnitName Value="Vectors2px"/>
        <TopLine Value="96"/>
        <CursorPos X="35" Y="119"/>
        <UsageCount Value="8"/>
      </Unit31>
      <Unit32>
        <Filename Value="..\..\Source\Common\CommonDef.pas"/>
        <UnitName Value="CommonDef"/>
        <TopLine Value="16"/>
        <CursorPos X="1" Y="22"/>
        <UsageCount Value="8"/>
      </Unit32>
      <Unit33>
        <Filename Value="..\..\Source\Common\ImageFx.pas"/>
        <UnitName Value="ImageFx"/>
        <TopLine Value="1"/>
        <CursorPos X="1" Y="1"/>
        <UsageCount Value="8"/>
      </Unit33>
      <Unit34>
        <Filename Value="..\..\lcl\graphics.pp"/>
        <UnitName Value="Graphics"/>
        <TopLine Value="1188"/>
        <CursorPos X="3" Y="1111"/>
        <UsageCount Value="8"/>
      </Unit34>
      <Unit35>
        <Filename Value="..\..\Source\AsphyreXML.pas"/>
        <UnitName Value="AsphyreXML"/>
        <TopLine Value="16"/>
        <CursorPos X="20" Y="1"/>
        <UsageCount Value="8"/>
      </Unit35>
      <Unit36>
        <Filename Value="..\..\Source\HelperSets.pas"/>
        <UnitName Value="HelperSets"/>
        <TopLine Value="1"/>
        <CursorPos X="1" Y="41"/>
        <UsageCount Value="8"/>
      </Unit36>
      <Unit37>
        <Filename Value="..\..\Source\DXCommon.pas"/>
        <UnitName Value="DXCommon"/>
        <TopLine Value="1"/>
        <CursorPos X="1" Y="4"/>
        <UsageCount Value="8"/>
      </Unit37>
      <Unit38>
        <Filename Value="..\..\Source\DirectDraw7.pas"/>
        <UnitName Value="DirectDraw7"/>
        <TopLine Value="1"/>
        <CursorPos X="1" Y="21"/>
        <UsageCount Value="8"/>
      </Unit38>
      <Unit39>
        <Filename Value="..\..\Source\Direct3D7.pas"/>
        <UnitName Value="Direct3D7"/>
        <TopLine Value="1"/>
        <CursorPos X="1" Y="17"/>
        <UsageCount Value="8"/>
      </Unit39>
      <Unit40>
        <Filename Value="..\..\Source\DX7Formats.pas"/>
        <UnitName Value="DX7Formats"/>
        <TopLine Value="1"/>
        <CursorPos X="1" Y="36"/>
        <UsageCount Value="8"/>
      </Unit40>
      <Unit41>
        <Filename Value="..\..\Source\DX7Canvas.pas"/>
        <UnitName Value="DX7Canvas"/>
        <TopLine Value="1"/>
        <CursorPos X="1" Y="36"/>
        <UsageCount Value="8"/>
      </Unit41>
      <Unit42>
        <Filename Value="..\..\Source\SystemSurfaces.pas"/>
        <UnitName Value="SystemSurfaces"/>
        <TopLine Value="108"/>
        <CursorPos X="47" Y="129"/>
        <UsageCount Value="8"/>
      </Unit42>
      <Unit43>
        <Filename Value="..\..\Source\DX7Textures.pas"/>
        <UnitName Value="DX7Textures"/>
        <TopLine Value="1"/>
        <CursorPos X="1" Y="41"/>
        <UsageCount Value="8"/>
      </Unit43>
      <Unit44>
        <Filename Value="..\..\Source\DX7Providers.pas"/>
        <UnitName Value="DX7Providers"/>
        <TopLine Value="72"/>
        <CursorPos X="1" Y="81"/>
        <UsageCount Value="8"/>
      </Unit44>
      <Unit45>
        <Filename Value="..\..\Source\AsphyreTypes.pas"/>
        <UnitName Value="AsphyreTypes"/>
        <TopLine Value="1"/>
        <CursorPos X="28" Y="26"/>
        <UsageCount Value="8"/>
      </Unit45>
      <Unit46>
        <Filename Value="..\..\fpc\2.0.4\source\fcl\inc\contnrs.pp"/>
        <UnitName Value="contnrs"/>
        <TopLine Value="1"/>
        <CursorPos X="1" Y="1"/>
        <UsageCount Value="8"/>
      </Unit46>
      <Unit47>
        <Filename Value="Contnrs2.pas"/>
        <UnitName Value="Contnrs2"/>
        <TopLine Value="1"/>
        <CursorPos X="50" Y="12"/>
        <UsageCount Value="8"/>
      </Unit47>
      <Unit48>
        <Filename Value="..\..\lcl\include\customform.inc"/>
        <TopLine Value="598"/>
        <CursorPos X="42" Y="617"/>
        <UsageCount Value="8"/>
      </Unit48>
      <Unit49>
        <Filename Value="..\..\Source\AsphyreTimer.pas"/>
        <UnitName Value="AsphyreTimer"/>
        <TopLine Value="115"/>
        <CursorPos X="28" Y="138"/>
        <UsageCount Value="8"/>
      </Unit49>
      <Unit50>
        <Filename Value="..\..\..\..\..\Lazarus\fpc\2.0.4\source\packages\base\paszlib\paszlib.pas"/>
        <UnitName Value="paszlib"/>
        <TopLine Value="182"/>
        <CursorPos X="28" Y="205"/>
        <UsageCount Value="8"/>
      </Unit50>
      <Unit51>
        <Filename Value="..\..\..\..\..\Lazarus\fpc\2.0.4\source\packages\base\paszlib\gzio.pas"/>
        <UnitName Value="gzio"/>
        <TopLine Value="1"/>
        <CursorPos X="6" Y="24"/>
        <UsageCount Value="8"/>
      </Unit51>
      <Unit52>
        <Filename Value="..\..\..\..\..\Lazarus\fpc\2.0.4\source\packages\base\paszlib\zbase.pas"/>
        <UnitName Value="zbase"/>
        <TopLine Value="53"/>
        <CursorPos X="16" Y="84"/>
        <UsageCount Value="8"/>
      </Unit52>
      <Unit53>
        <Filename Value="GameTypes.pas"/>
        <UnitName Value="GameTypes"/>
        <WindowIndex Value="0"/>
        <TopLine Value="1"/>
        <CursorPos X="72" Y="11"/>
        <UsageCount Value="11"/>
      </Unit53>
      <Unit54>
        <Filename Value="..\..\..\Asphyre5-fpc\AsphyreConv.pas"/>
        <UnitName Value="AsphyreConv"/>
        <TopLine Value="1"/>
        <CursorPos X="67" Y="12"/>
        <UsageCount Value="8"/>
      </Unit54>
      <Unit55>
        <Filename Value="..\..\..\Asphyre5-fpc\Vectors2px.pas"/>
        <UnitName Value="Vectors2px"/>
        <TopLine Value="54"/>
        <CursorPos X="36" Y="24"/>
        <UsageCount Value="8"/>
      </Unit55>
      <Unit56>
        <Filename Value="..\..\..\Asphyre5-fpc\Vectors2.pas"/>
        <UnitName Value="Vectors2"/>
        <TopLine Value="20"/>
        <CursorPos X="2" Y="41"/>
        <UsageCount Value="8"/>
      </Unit56>
      <Unit57>
        <Filename Value="..\..\..\Asphyre5-fpc\AsphyreTypes.pas"/>
        <UnitName Value="AsphyreTypes"/>
        <TopLine Value="221"/>
        <CursorPos X="33" Y="35"/>
        <UsageCount Value="8"/>
      </Unit57>
      <Unit58>
        <Filename Value="..\..\..\Asphyre5-fpc\AsphyreImages.pas"/>
        <UnitName Value="AsphyreImages"/>
        <TopLine Value="75"/>
        <CursorPos X="31" Y="96"/>
        <UsageCount Value="10"/>
      </Unit58>
      <Unit59>
        <Filename Value="..\..\..\Asphyre5-fpc\ImageFx.pas"/>
        <UnitName Value="ImageFx"/>
        <TopLine Value="543"/>
        <CursorPos X="26" Y="564"/>
        <UsageCount Value="8"/>
      </Unit59>
      <Unit60>
        <Filename Value="..\..\..\Asphyre5-fpc\AsphyreErrors.pas"/>
        <UnitName Value="AsphyreErrors"/>
        <TopLine Value="121"/>
        <CursorPos X="13" Y="156"/>
        <UsageCount Value="8"/>
      </Unit60>
      <Unit61>
        <Filename Value="..\..\..\Asphyre5-fpc\DirectInput.pas"/>
        <UnitName Value="DirectInput"/>
        <TopLine Value="61"/>
        <CursorPos X="29" Y="82"/>
        <UsageCount Value="8"/>
      </Unit61>
      <Unit62>
        <Filename Value="..\..\..\Asphyre5-fpc\DirectX.inc"/>
        <TopLine Value="32"/>
        <CursorPos X="31" Y="35"/>
        <UsageCount Value="8"/>
      </Unit62>
      <Unit63>
        <Filename Value="..\..\..\Asphyre5-fpc\AsphyreFormats.pas"/>
        <UnitName Value="AsphyreFormats"/>
        <TopLine Value="405"/>
        <CursorPos X="33" Y="438"/>
        <UsageCount Value="8"/>
      </Unit63>
      <Unit64>
        <Filename Value="..\..\..\Asphyre5-fpc\DX7Types.pas"/>
        <UnitName Value="DX7Types"/>
        <TopLine Value="360"/>
        <CursorPos X="13" Y="387"/>
        <UsageCount Value="8"/>
      </Unit64>
      <Unit65>
        <Filename Value="..\..\..\Asphyre5-fpc\DX7AdapterInfo.pas"/>
        <UnitName Value="DX7AdapterInfo"/>
        <TopLine Value="73"/>
        <CursorPos X="44" Y="95"/>
        <UsageCount Value="8"/>
      </Unit65>
      <Unit66>
        <Filename Value="..\..\..\Asphyre5-fpc\DirectDraw7.pas"/>
        <UnitName Value="DirectDraw7"/>
        <TopLine Value="1"/>
        <CursorPos X="1" Y="21"/>
        <UsageCount Value="8"/>
      </Unit66>
      <Unit67>
        <Filename Value="..\..\..\Asphyre5-fpc\DX7Devices.pas"/>
        <UnitName Value="DX7Devices"/>
        <TopLine Value="512"/>
        <CursorPos X="55" Y="543"/>
        <UsageCount Value="8"/>
      </Unit67>
      <Unit68>
        <Filename Value="..\..\..\Asphyre5-fpc\SystemSurfaces.pas"/>
        <UnitName Value="SystemSurfaces"/>
        <TopLine Value="2"/>
        <CursorPos X="2" Y="12"/>
        <UsageCount Value="8"/>
      </Unit68>
      <Unit69>
        <Filename Value="..\..\..\Asphyre5-fpc\DX7Textures.pas"/>
        <UnitName Value="DX7Textures"/>
        <TopLine Value="424"/>
        <CursorPos X="30" Y="445"/>
        <UsageCount Value="8"/>
      </Unit69>
      <Unit70>
        <Filename Value="..\..\..\Asphyre5-fpc\AsphyreDb.pas"/>
        <UnitName Value="AsphyreDb"/>
        <TopLine Value="1"/>
        <CursorPos X="73" Y="9"/>
        <UsageCount Value="8"/>
      </Unit70>
      <Unit71>
        <Filename Value="..\..\..\Asphyre5-fpc\AsphyreData.pas"/>
        <UnitName Value="AsphyreData"/>
        <TopLine Value="1"/>
        <CursorPos X="36" Y="16"/>
        <UsageCount Value="8"/>
      </Unit71>
      <Unit72>
        <Filename Value="..\..\..\Asphyre5-fpc\AsphyreAuth.pas"/>
        <UnitName Value="AsphyreAuth"/>
        <TopLine Value="150"/>
        <CursorPos X="1" Y="172"/>
        <UsageCount Value="8"/>
      </Unit72>
      <Unit73>
        <Filename Value="..\..\..\Asphyre5-fpc\AbstractTextures.pas"/>
        <UnitName Value="AbstractTextures"/>
        <TopLine Value="263"/>
        <CursorPos X="42" Y="295"/>
        <UsageCount Value="8"/>
      </Unit73>
      <Unit74>
        <Filename Value="..\..\..\..\..\Lazarus\fpc\2.2.2\source\rtl\objpas\types.pp"/>
        <UnitName Value="types"/>
        <TopLine Value="65"/>
        <CursorPos X="3" Y="79"/>
        <UsageCount Value="8"/>
      </Unit74>
      <Unit75>
        <Filename Value="..\..\..\..\..\Lazarus\fpc\2.2.2\source\rtl\win32\windows.pp"/>
        <UnitName Value="windows"/>
        <TopLine Value="1"/>
        <CursorPos X="30" Y="20"/>
        <UsageCount Value="8"/>
      </Unit75>
      <Unit76>
        <Filename Value="..\..\..\..\..\Lazarus\fpc\2.2.2\source\rtl\win\wininc\struct.inc"/>
        <TopLine Value="1"/>
        <CursorPos X="43" Y="4"/>
        <UsageCount Value="8"/>
      </Unit76>
      <Unit77>
        <Filename Value="..\..\..\Asphyre5-fpc\AsphyreDebug.pas"/>
        <UnitName Value="AsphyreDebug"/>
        <TopLine Value="1"/>
        <CursorPos X="11" Y="8"/>
        <UsageCount Value="10"/>
      </Unit77>
      <Unit78>
        <Filename Value="..\..\..\Asphyre5-fpc\AsphyreLegacyFormats.pas"/>
        <UnitName Value="AsphyreLegacyFormats"/>
        <TopLine Value="1"/>
        <CursorPos X="33" Y="33"/>
        <UsageCount Value="8"/>
      </Unit78>
      <Unit79>
        <Filename Value="..\..\..\Asphyre5-fpc\DX9Devices.pas"/>
        <UnitName Value="DX9Devices"/>
        <TopLine Value="194"/>
        <CursorPos X="46" Y="207"/>
        <UsageCount Value="10"/>
      </Unit79>
      <Unit80>
        <Filename Value="..\..\..\Asphyre5-fpc\AbstractDevices.pas"/>
        <UnitName Value="AbstractDevices"/>
        <TopLine Value="60"/>
        <CursorPos X="2" Y="52"/>
        <UsageCount Value="10"/>
      </Unit80>
      <Unit81>
        <Filename Value="..\..\..\Asphyre5-fpc\DX9Types.pas"/>
        <UnitName Value="DX9Types"/>
        <TopLine Value="1"/>
        <CursorPos X="59" Y="13"/>
        <UsageCount Value="8"/>
      </Unit81>
      <Unit82>
        <Filename Value="..\..\..\Asphyre5-fpc\Direct3D9.pas"/>
        <UnitName Value="Direct3D9"/>
        <TopLine Value="2645"/>
        <CursorPos X="41" Y="2669"/>
        <UsageCount Value="10"/>
      </Unit82>
      <Unit83>
        <Filename Value="..\..\..\Asphyre5-fpc\DX9Canvas.pas"/>
        <UnitName Value="DX9Canvas"/>
        <TopLine Value="874"/>
        <CursorPos X="1" Y="918"/>
        <UsageCount Value="10"/>
      </Unit83>
      <Unit84>
        <Filename Value="..\..\..\Asphyre5-fpc\AsphyreGL.pas"/>
        <UnitName Value="AsphyreGL"/>
        <TopLine Value="5171"/>
        <CursorPos X="36" Y="5180"/>
        <UsageCount Value="8"/>
      </Unit84>
      <Unit85>
        <Filename Value="..\..\..\..\..\Lazarus\fpc\2.2.2\source\rtl\win\wininc\defines.inc"/>
        <TopLine Value="37"/>
        <CursorPos X="81" Y="8"/>
        <UsageCount Value="8"/>
      </Unit85>
      <Unit86>
        <Filename Value="..\..\..\Asphyre5-fpc\OGLDevices.pas"/>
        <UnitName Value="OGLDevices"/>
        <TopLine Value="66"/>
        <CursorPos X="11" Y="90"/>
        <UsageCount Value="9"/>
      </Unit86>
      <Unit87>
        <Filename Value="..\..\..\Asphyre5-fpc\WinAdapterInfo.pas"/>
        <UnitName Value="WinAdapterInfo"/>
        <TopLine Value="9"/>
        <CursorPos X="63" Y="25"/>
        <UsageCount Value="9"/>
      </Unit87>
      <Unit88>
        <Filename Value="..\..\..\Asphyre5-fpc\OGLCanvas.pas"/>
        <UnitName Value="OGLCanvas"/>
        <TopLine Value="1"/>
        <CursorPos X="59" Y="31"/>
        <UsageCount Value="9"/>
      </Unit88>
      <Unit89>
        <Filename Value="..\..\..\Asphyre5-fpc\OGLTextures.pas"/>
        <UnitName Value="OGLTextures"/>
        <TopLine Value="1"/>
        <CursorPos X="61" Y="4"/>
        <UsageCount Value="9"/>
      </Unit89>
      <Unit90>
        <Filename Value="..\..\..\..\..\Lazarus\fpc\2.2.2\source\packages\opengl\src\gl.pp"/>
        <UnitName Value="GL"/>
        <TopLine Value="94"/>
        <CursorPos X="123" Y="115"/>
        <UsageCount Value="9"/>
      </Unit90>
      <Unit91>
        <Filename Value="..\..\..\Asphyre5-fpc\StreamUtils.pas"/>
        <UnitName Value="StreamUtils"/>
        <TopLine Value="140"/>
        <CursorPos X="43" Y="1"/>
        <UsageCount Value="8"/>
      </Unit91>
      <Unit92>
        <Filename Value="..\..\..\Asphyre5-fpc\OGLProviders.pas"/>
        <UnitName Value="OGLProviders"/>
        <TopLine Value="1"/>
        <CursorPos X="70" Y="31"/>
        <UsageCount Value="8"/>
      </Unit92>
      <Unit93>
        <Filename Value="..\..\..\Asphyre5-fpc\AsphyreGLfpc.pas"/>
        <UnitName Value="AsphyreGLfpc"/>
        <TopLine Value="8230"/>
        <CursorPos X="36" Y="8255"/>
        <UsageCount Value="8"/>
      </Unit93>
      <Unit94>
        <Filename Value="..\..\..\Asphyre5-fpc\AbstractCanvas.pas"/>
        <UnitName Value="AbstractCanvas"/>
        <TopLine Value="210"/>
        <CursorPos X="43" Y="229"/>
        <UsageCount Value="8"/>
      </Unit94>
      <Unit95>
        <Filename Value="..\..\..\Asphyre5-fpc\LibXmlParser.pas"/>
        <UnitName Value="LibXmlParser"/>
        <TopLine Value="1387"/>
        <CursorPos X="34" Y="1408"/>
        <UsageCount Value="8"/>
      </Unit95>
      <Unit96>
        <Filename Value="..\..\..\Asphyre5-fpc\AsphyreXML.pas"/>
        <UnitName Value="AsphyreXML"/>
        <TopLine Value="1"/>
        <CursorPos X="73" Y="3"/>
        <UsageCount Value="8"/>
      </Unit96>
      <Unit97>
        <Filename Value="..\..\..\Asphyre5-fpc\MediaUtils.pas"/>
        <UnitName Value="MediaUtils"/>
        <TopLine Value="164"/>
        <CursorPos X="63" Y="180"/>
        <UsageCount Value="8"/>
      </Unit97>
      <Unit98>
        <Filename Value="..\..\..\Asphyre5-fpc\Direct3D7.pas"/>
        <UnitName Value="Direct3D7"/>
        <TopLine Value="1690"/>
        <CursorPos X="31" Y="1711"/>
        <UsageCount Value="8"/>
      </Unit98>
      <Unit99>
        <Filename Value="..\..\..\Asphyre5-fpc\DXTypes.pas"/>
        <UnitName Value="DXTypes"/>
        <TopLine Value="93"/>
        <CursorPos X="12" Y="114"/>
        <UsageCount Value="8"/>
      </Unit99>
      <Unit100>
        <Filename Value="..\..\..\Asphyre5-fpc\DX7Canvas.pas"/>
        <UnitName Value="DX7Canvas"/>
        <TopLine Value="196"/>
        <CursorPos X="51" Y="20"/>
        <UsageCount Value="8"/>
      </Unit100>
      <Unit101>
        <Filename Value="..\..\..\Asphyre5-fpc\NativeTGA.pas"/>
        <UnitName Value="NativeTGA"/>
        <TopLine Value="300"/>
        <CursorPos X="27" Y="321"/>
        <UsageCount Value="8"/>
      </Unit101>
      <Unit102>
        <Filename Value="..\..\..\Asphyre5-fpc\DX7Providers.pas"/>
        <UnitName Value="DX7Providers"/>
        <TopLine Value="1"/>
        <CursorPos X="47" Y="25"/>
        <UsageCount Value="8"/>
      </Unit102>
      <Unit103>
        <Filename Value="..\..\Source\AsphyreErrors.pas"/>
        <UnitName Value="AsphyreErrors"/>
        <TopLine Value="122"/>
        <CursorPos X="1" Y="156"/>
        <UsageCount Value="9"/>
      </Unit103>
      <Unit104>
        <Filename Value="..\..\Source\AsphyreVampyre.pas"/>
        <UnitName Value="AsphyreVampyre"/>
        <TopLine Value="1"/>
        <CursorPos X="50" Y="25"/>
        <UsageCount Value="9"/>
      </Unit104>
      <Unit105>
        <Filename Value="..\..\Vampyre\Source\ImagingNetworkGraphics.pas"/>
        <UnitName Value="ImagingNetworkGraphics"/>
        <TopLine Value="1"/>
        <CursorPos X="35" Y="28"/>
        <UsageCount Value="9"/>
      </Unit105>
      <Unit106>
        <Filename Value="..\..\Source\StreamUtils.pas"/>
        <UnitName Value="StreamUtils"/>
        <TopLine Value="236"/>
        <CursorPos X="38" Y="257"/>
        <UsageCount Value="8"/>
      </Unit106>
      <Unit107>
        <Filename Value="..\GrannyKnotLazarus\GrannyKnot.lpr"/>
        <UnitName Value="GrannyKnot"/>
        <TopLine Value="1"/>
        <CursorPos X="1" Y="1"/>
        <UsageCount Value="8"/>
      </Unit107>
      <Unit108>
        <Filename Value="..\..\..\Source\Vectors2px.pas"/>
        <UnitName Value="Vectors2px"/>
        <WindowIndex Value="0"/>
        <TopLine Value="1"/>
        <CursorPos X="33" Y="56"/>
        <UsageCount Value="8"/>
      </Unit108>
      <Unit109>
        <Filename Value="..\..\..\Source\AsphyreUtils.pas"/>
        <UnitName Value="AsphyreUtils"/>
        <WindowIndex Value="0"/>
        <TopLine Value="164"/>
        <CursorPos X="20" Y="189"/>
        <UsageCount Value="10"/>
      </Unit109>
      <Unit110>
        <Filename Value="..\..\..\Source\AbstractDevices.pas"/>
        <UnitName Value="AbstractDevices"/>
        <WindowIndex Value="0"/>
        <TopLine Value="42"/>
        <CursorPos X="95" Y="33"/>
        <UsageCount Value="10"/>
      </Unit110>
      <Unit111>
        <Filename Value="..\..\..\Source\AsphyreSwapChains.pas"/>
        <UnitName Value="AsphyreSwapChains"/>
        <WindowIndex Value="0"/>
        <TopLine Value="111"/>
        <CursorPos X="40" Y="132"/>
        <UsageCount Value="9"/>
      </Unit111>
      <Unit112>
        <Filename Value="..\..\..\Source\AsphyreEventTypes.pas"/>
        <UnitName Value="AsphyreEventTypes"/>
        <WindowIndex Value="0"/>
        <TopLine Value="442"/>
        <CursorPos X="1" Y="461"/>
        <UsageCount Value="9"/>
      </Unit112>
      <Unit113>
        <Filename Value="..\..\..\Source\Providers\DX9Devices.pas"/>
        <UnitName Value="DX9Devices"/>
        <WindowIndex Value="0"/>
        <TopLine Value="1"/>
        <CursorPos X="40" Y="15"/>
        <UsageCount Value="10"/>
      </Unit113>
      <Unit114>
        <Filename Value="..\..\..\Source\Providers\DX10SwapChains.pas"/>
        <UnitName Value="DX10SwapChains"/>
        <WindowIndex Value="0"/>
        <TopLine Value="19"/>
        <CursorPos X="46" Y="43"/>
        <UsageCount Value="8"/>
      </Unit114>
      <Unit115>
        <Filename Value="..\..\..\Source\Headers\D3D10_JSB.pas"/>
        <UnitName Value="D3D10_JSB"/>
        <WindowIndex Value="0"/>
        <TopLine Value="288"/>
        <CursorPos X="1" Y="314"/>
        <UsageCount Value="8"/>
      </Unit115>
      <Unit116>
        <Filename Value="..\..\..\Source\AsphyreTimer.pas"/>
        <UnitName Value="AsphyreTimer"/>
        <WindowIndex Value="0"/>
        <TopLine Value="262"/>
        <CursorPos X="34" Y="281"/>
        <UsageCount Value="9"/>
      </Unit116>
      <Unit117>
        <Filename Value="..\..\..\Source\AsphyreTiming.pas"/>
        <UnitName Value="AsphyreTiming"/>
        <WindowIndex Value="0"/>
        <TopLine Value="92"/>
        <CursorPos X="16" Y="114"/>
        <UsageCount Value="10"/>
      </Unit117>
      <Unit118>
        <Filename Value="..\..\..\Source\AsphyreConv.pas"/>
        <UnitName Value="AsphyreConv"/>
        <WindowIndex Value="0"/>
        <TopLine Value="263"/>
        <CursorPos X="44" Y="289"/>
        <UsageCount Value="9"/>
      </Unit118>
      <Unit119>
        <Filename Value="..\..\..\Source\AsphyreDef.pas"/>
        <UnitName Value="AsphyreDef"/>
        <WindowIndex Value="0"/>
        <TopLine Value="76"/>
        <CursorPos X="8" Y="105"/>
        <UsageCount Value="9"/>
      </Unit119>
      <Unit120>
        <Filename Value="..\..\..\Source\AbstractTextures.pas"/>
        <UnitName Value="AbstractTextures"/>
        <WindowIndex Value="0"/>
        <TopLine Value="1"/>
        <CursorPos X="1" Y="1"/>
        <UsageCount Value="8"/>
      </Unit120>
      <Unit121>
        <Filename Value="..\..\..\Source\StreamUtils.pas"/>
        <UnitName Value="StreamUtils"/>
        <WindowIndex Value="0"/>
        <TopLine Value="561"/>
        <CursorPos X="26" Y="580"/>
        <UsageCount Value="8"/>
      </Unit121>
      <Unit122>
        <Filename Value="..\..\..\Source\AsphyreArchives.pas"/>
        <UnitName Value="AsphyreArchives"/>
        <WindowIndex Value="0"/>
        <TopLine Value="1504"/>
        <CursorPos X="29" Y="1542"/>
        <UsageCount Value="8"/>
      </Unit122>
      <Unit123>
        <Filename Value="..\..\..\Source\AbstractCanvas.pas"/>
        <UnitName Value="AbstractCanvas"/>
        <WindowIndex Value="0"/>
        <TopLine Value="13"/>
        <CursorPos X="56" Y="35"/>
        <UsageCount Value="8"/>
      </Unit123>
      <Unit124>
        <Filename Value="..\..\..\Source\AbstractRasterizer.pas"/>
        <UnitName Value="AbstractRasterizer"/>
        <WindowIndex Value="0"/>
        <TopLine Value="1"/>
        <CursorPos X="73" Y="3"/>
        <UsageCount Value="8"/>
      </Unit124>
      <Unit125>
        <Filename Value="..\..\..\Source\MediaImages.pas"/>
        <UnitName Value="MediaImages"/>
        <WindowIndex Value="0"/>
        <TopLine Value="1"/>
        <CursorPos X="70" Y="31"/>
        <UsageCount Value="8"/>
      </Unit125>
      <Unit126>
        <Filename Value="..\..\..\Source\AsphyreImages.pas"/>
        <UnitName Value="AsphyreImages"/>
        <WindowIndex Value="0"/>
        <TopLine Value="1266"/>
        <CursorPos X="1" Y="1285"/>
        <UsageCount Value="9"/>
      </Unit126>
      <Unit127>
        <Filename Value="..\..\..\Source\Providers\OGLCanvas.pas"/>
        <UnitName Value="OGLCanvas"/>
        <WindowIndex Value="0"/>
        <TopLine Value="1"/>
        <CursorPos X="50" Y="19"/>
        <UsageCount Value="8"/>
      </Unit127>
      <Unit128>
        <Filename Value="..\..\..\Source\Providers\OGLTextures.pas"/>
        <UnitName Value="OGLTextures"/>
        <WindowIndex Value="0"/>
        <TopLine Value="181"/>
        <CursorPos X="27" Y="196"/>
        <UsageCount Value="9"/>
      </Unit128>
      <Unit129>
        <Filename Value="..\..\..\Source\AsphyreFPUStates.pas"/>
        <UnitName Value="AsphyreFPUStates"/>
        <WindowIndex Value="0"/>
        <TopLine Value="1"/>
        <CursorPos X="39" Y="19"/>
        <UsageCount Value="8"/>
      </Unit129>
      <Unit130>
        <Filename Value="..\..\..\Source\Providers\DX10Devices.pas"/>
        <UnitName Value="DX10Devices"/>
        <WindowIndex Value="0"/>
        <TopLine Value="146"/>
        <CursorPos X="23" Y="155"/>
        <UsageCount Value="8"/>
      </Unit130>
      <Unit131>
        <Filename Value="D:\Lazarus\fpc\2.6.0\source\rtl\objpas\math.pp"/>
        <UnitName Value="math"/>
        <WindowIndex Value="0"/>
        <TopLine Value="47"/>
        <CursorPos X="34" Y="14"/>
        <UsageCount Value="8"/>
      </Unit131>
      <Unit132>
        <Filename Value="D:\Lazarus\fpc\2.6.0\source\rtl\x86_64\mathuh.inc"/>
        <WindowIndex Value="0"/>
        <TopLine Value="1"/>
        <CursorPos X="38" Y="18"/>
        <UsageCount Value="8"/>
      </Unit132>
      <Unit133>
        <Filename Value="..\..\..\Source\Legacy\Direct3D9.pas"/>
        <UnitName Value="Direct3D9"/>
        <WindowIndex Value="0"/>
        <TopLine Value="35"/>
        <CursorPos X="23" Y="1"/>
        <UsageCount Value="8"/>
      </Unit133>
      <Unit134>
        <Filename Value="..\..\..\Source\Providers\DX9Types.pas"/>
        <UnitName Value="DX9Types"/>
        <WindowIndex Value="0"/>
        <TopLine Value="20"/>
        <CursorPos X="29" Y="35"/>
        <UsageCount Value="8"/>
      </Unit134>
      <Unit135>
        <Filename Value="AsphyreTimer.pas"/>
        <UnitName Value="AsphyreTimer"/>
        <WindowIndex Value="0"/>
        <TopLine Value="173"/>
        <CursorPos X="19" Y="182"/>
        <UsageCount Value="8"/>
      </Unit135>
      <Unit136>
        <Filename Value="AsphyreTimer2.pas"/>
        <UnitName Value="AsphyreTimer2"/>
        <WindowIndex Value="0"/>
        <TopLine Value="51"/>
        <CursorPos X="39" Y="72"/>
        <UsageCount Value="8"/>
      </Unit136>
      <Unit137>
        <Filename Value="..\..\..\Source\Runtime\AsphyreTimer.pas"/>
        <UnitName Value="AsphyreTimer"/>
        <WindowIndex Value="0"/>
        <TopLine Value="229"/>
        <CursorPos X="41" Y="255"/>
        <UsageCount Value="8"/>
      </Unit137>
      <Unit138>
        <Filename Value="..\..\..\Source\Runtime\AsphyreTiming.pas"/>
        <UnitName Value="AsphyreTiming"/>
        <WindowIndex Value="0"/>
        <TopLine Value="98"/>
        <CursorPos X="1" Y="176"/>
        <UsageCount Value="8"/>
      </Unit138>
      <Unit139>
        <Filename Value="..\..\..\Source\Providers\OGLProviders.pas"/>
        <UnitName Value="OGLProviders"/>
        <WindowIndex Value="0"/>
        <TopLine Value="1"/>
        <CursorPos X="38" Y="56"/>
        <UsageCount Value="8"/>
      </Unit139>
      <Unit140>
        <Filename Value="..\..\..\Source\Providers\DX9SwapChains.pas"/>
        <UnitName Value="DX9SwapChains"/>
        <WindowIndex Value="0"/>
        <TopLine Value="1"/>
        <CursorPos X="29" Y="38"/>
        <UsageCount Value="9"/>
      </Unit140>
      <Unit141>
        <Filename Value="..\..\..\Source\Providers\DX9ViSwapChains.pas"/>
        <UnitName Value="DX9ViSwapChains"/>
        <WindowIndex Value="0"/>
        <TopLine Value="326"/>
        <CursorPos X="33" Y="381"/>
        <UsageCount Value="9"/>
      </Unit141>
      <Unit142>
        <Filename Value="..\..\..\Source\Providers\DX7Devices.pas"/>
        <UnitName Value="DX7Devices"/>
        <WindowIndex Value="0"/>
        <TopLine Value="67"/>
        <CursorPos X="30" Y="127"/>
        <UsageCount Value="8"/>
      </Unit142>
      <Unit143>
        <Filename Value="..\..\..\Source\Providers\DX7Textures.pas"/>
        <UnitName Value="DX7Textures"/>
        <WindowIndex Value="0"/>
        <TopLine Value="39"/>
        <CursorPos X="43" Y="47"/>
        <UsageCount Value="8"/>
      </Unit143>
      <Unit144>
        <Filename Value="D:\lazarus\fpc\2.6.0\source\rtl\win\wininc\base.inc"/>
        <WindowIndex Value="0"/>
        <TopLine Value="7"/>
        <CursorPos X="6" Y="54"/>
        <UsageCount Value="8"/>
      </Unit144>
      <Unit145>
        <Filename Value="..\..\..\Source\Providers\DX9Providers.pas"/>
        <UnitName Value="DX9Providers"/>
        <WindowIndex Value="0"/>
        <TopLine Value="1"/>
        <CursorPos X="45" Y="47"/>
        <UsageCount Value="8"/>
      </Unit145>
      <Unit146>
        <Filename Value="..\..\..\Source\Providers\OGLDevices.pas"/>
        <UnitName Value="OGLDevices"/>
        <WindowIndex Value="0"/>
        <TopLine Value="131"/>
        <CursorPos X="1" Y="149"/>
        <UsageCount Value="13"/>
      </Unit146>
      <Unit147>
        <Filename Value="..\..\..\Source\Providers\AsphyreWGLContexts.pas"/>
        <UnitName Value="AsphyreWGLContexts"/>
        <WindowIndex Value="0"/>
        <TopLine Value="88"/>
        <CursorPos X="35" Y="104"/>
        <UsageCount Value="8"/>
      </Unit147>
      <Unit148>
        <Filename Value="..\..\..\Source\SystemSurfaces.pas"/>
        <UnitName Value="SystemSurfaces"/>
        <WindowIndex Value="0"/>
        <TopLine Value="283"/>
        <CursorPos X="43" Y="301"/>
        <UsageCount Value="8"/>
      </Unit148>
      <Unit149>
        <Filename Value="..\..\..\..\..\Developer\lazarus\lcl\interfaces\carbon\agl.pp"/>
        <UnitName Value="agl"/>
        <WindowIndex Value="0"/>
        <TopLine Value="421"/>
        <CursorPos X="98" Y="434"/>
        <UsageCount Value="11"/>
      </Unit149>
      <Unit150>
        <Filename Value="..\..\..\Source\Headers\AsphyreGL.pas"/>
        <UnitName Value="AsphyreGL"/>
        <WindowIndex Value="0"/>
        <TopLine Value="14513"/>
        <CursorPos X="1" Y="14520"/>
        <UsageCount Value="10"/>
      </Unit150>
      <Unit151>
        <Filename Value="..\..\..\Source\AsphyreXML.pas"/>
        <UnitName Value="AsphyreXML"/>
        <WindowIndex Value="0"/>
        <TopLine Value="107"/>
        <CursorPos X="6" Y="133"/>
        <UsageCount Value="10"/>
      </Unit151>
      <Unit152>
        <Filename Value="..\..\..\Source\AsphyreFonts.pas"/>
        <UnitName Value="AsphyreFonts"/>
        <WindowIndex Value="0"/>
        <TopLine Value="228"/>
        <CursorPos X="21" Y="246"/>
        <UsageCount Value="9"/>
      </Unit152>
      <Unit153>
        <Filename Value="..\..\..\Source\Providers\AGLProviders.pas"/>
        <UnitName Value="AGLProviders"/>
        <WindowIndex Value="0"/>
        <TopLine Value="43"/>
        <CursorPos X="18" Y="70"/>
        <UsageCount Value="9"/>
      </Unit153>
      <Unit154>
        <Filename Value="..\..\..\Source\Providers\AGLDevices.pas"/>
        <UnitName Value="AGLDevices"/>
        <WindowIndex Value="0"/>
        <TopLine Value="51"/>
        <CursorPos X="23" Y="60"/>
        <UsageCount Value="11"/>
      </Unit154>
      <Unit155>
        <Filename Value="..\..\..\Source\MediaUtils.pas"/>
        <UnitName Value="MediaUtils"/>
        <WindowIndex Value="0"/>
        <TopLine Value="161"/>
        <CursorPos X="37" Y="172"/>
        <UsageCount Value="9"/>
      </Unit155>
      <Unit156>
        <Filename Value="..\..\..\Source\LibXMLParser.pas"/>
        <UnitName Value="LibXmlParser"/>
        <WindowIndex Value="0"/>
        <TopLine Value="241"/>
        <CursorPos X="1" Y="255"/>
        <UsageCount Value="9"/>
      </Unit156>
      <Unit157>
        <Filename Value="..\..\..\Source\AsphyreConfig.inc"/>
        <WindowIndex Value="0"/>
        <TopLine Value="85"/>
        <CursorPos X="25" Y="99"/>
        <UsageCount Value="9"/>
      </Unit157>
      <Unit158>
        <Filename Value="..\..\..\..\..\usr\local\share\fpcsrc\packages\univint\src\CGGeometry.pas"/>
        <UnitName Value="CGGeometry"/>
        <WindowIndex Value="0"/>
        <TopLine Value="179"/>
        <CursorPos X="3" Y="196"/>
        <UsageCount Value="9"/>
      </Unit158>
      <Unit159>
        <Filename Value="..\..\..\Source\Providers\XGLDevices.pas"/>
        <UnitName Value="XGLDevices"/>
        <WindowIndex Value="0"/>
        <TopLine Value="15"/>
        <CursorPos X="32" Y="38"/>
        <UsageCount Value="13"/>
      </Unit159>
      <Unit160>
        <Filename Value="..\..\..\..\..\usr\share\fpcsrc\2.6.0\packages\gtk1\src\gdk\gdk.pp"/>
        <UnitName Value="gdk"/>
        <WindowIndex Value="0"/>
        <TopLine Value="49"/>
        <CursorPos X="39" Y="18"/>
        <UsageCount Value="9"/>
      </Unit160>
      <Unit161>
        <Filename Value="..\..\..\Source\Providers\LGLDevices.pas"/>
        <UnitName Value="LGLDevices"/>
        <WindowIndex Value="0"/>
        <TopLine Value="119"/>
        <CursorPos X="35" Y="124"/>
        <UsageCount Value="10"/>
      </Unit161>
      <Unit162>
        <Filename Value="..\..\..\Source\openglcontext.pas"/>
        <UnitName Value="OpenGLContext"/>
        <WindowIndex Value="0"/>
        <TopLine Value="438"/>
        <CursorPos X="43" Y="459"/>
        <UsageCount Value="10"/>
      </Unit162>
      <Unit163>
        <Filename Value="..\..\..\..\Source\Providers\LGLDevices.pas"/>
        <UnitName Value="LGLDevices"/>
        <WindowIndex Value="0"/>
        <TopLine Value="1"/>
        <CursorPos X="48" Y="7"/>
        <UsageCount Value="10"/>
      </Unit163>
      <Unit164>
        <Filename Value="..\..\..\..\Source\Providers\LGLProviders.pas"/>
        <UnitName Value="LGLProviders"/>
        <WindowIndex Value="0"/>
        <TopLine Value="57"/>
        <CursorPos X="31" Y="78"/>
        <UsageCount Value="10"/>
      </Unit164>
      <Unit165>
        <Filename Value="..\..\..\..\Source\Providers\XGLProviders.pas"/>
        <UnitName Value="XGLProviders"/>
        <WindowIndex Value="0"/>
        <TopLine Value="58"/>
        <CursorPos X="1" Y="1"/>
        <UsageCount Value="10"/>
      </Unit165>
      <Unit166>
        <Filename Value="..\..\..\..\Source\Providers\XGLDevices.pas"/>
        <UnitName Value="XGLDevices"/>
        <WindowIndex Value="0"/>
        <TopLine Value="1"/>
        <CursorPos X="45" Y="39"/>
        <UsageCount Value="12"/>
      </Unit166>
      <Unit167>
        <Filename Value="..\..\..\..\..\..\usr\share\fpcsrc\2.6.0\packages\gtk2\src\gtk+\gtk\gtkwidget.inc"/>
        <WindowIndex Value="0"/>
        <TopLine Value="324"/>
        <CursorPos X="11" Y="350"/>
        <UsageCount Value="10"/>
      </Unit167>
      <Unit168>
        <Filename Value="..\..\..\..\..\..\usr\share\fpcsrc\2.6.0\packages\gtk2\src\gtk+\gdk\gdkdrawable.inc"/>
        <WindowIndex Value="0"/>
        <TopLine Value="1"/>
        <CursorPos X="45" Y="15"/>
        <UsageCount Value="10"/>
      </Unit168>
      <Unit169>
        <Filename Value="..\..\..\..\..\..\usr\share\fpcsrc\2.6.0\packages\gtk2\src\glib\gobject.inc"/>
        <WindowIndex Value="0"/>
        <TopLine Value="1"/>
        <CursorPos X="4" Y="10"/>
        <UsageCount Value="10"/>
      </Unit169>
      <Unit170>
        <Filename Value="..\..\..\..\..\..\usr\share\fpcsrc\2.6.0\packages\gtk2\src\gtk2x11\include\gdkx.inc"/>
        <WindowIndex Value="0"/>
        <TopLine Value="1"/>
        <CursorPos X="26" Y="14"/>
        <UsageCount Value="10"/>
      </Unit170>
      <Unit171>
        <Filename Value="..\..\..\..\..\..\usr\share\lazarus\1.0\lcl\forms.pp"/>
        <UnitName Value="Forms"/>
        <WindowIndex Value="0"/>
        <TopLine Value="1449"/>
        <CursorPos X="28" Y="1489"/>
        <UsageCount Value="10"/>
      </Unit171>
      <Unit172>
        <Filename Value="..\..\..\..\Source\Headers\AsphyreGL.pas"/>
        <UnitName Value="AsphyreGL"/>
        <WindowIndex Value="0"/>
        <TopLine Value="19655"/>
        <CursorPos X="1" Y="19699"/>
        <UsageCount Value="10"/>
      </Unit172>
      <Unit173>
        <Filename Value="..\..\..\..\..\..\usr\share\fpcsrc\2.6.0\packages\x11\src\xutil.pp"/>
        <UnitName Value="xutil"/>
        <WindowIndex Value="0"/>
        <TopLine Value="130"/>
        <CursorPos X="4" Y="156"/>
        <UsageCount Value="10"/>
      </Unit173>
      <Unit174>
        <Filename Value="..\..\..\..\..\..\usr\share\lazarus\1.0\lcl\interfaces\gtk2\gtk2proc.pp"/>
        <UnitName Value="Gtk2Proc"/>
        <WindowIndex Value="0"/>
        <TopLine Value="296"/>
        <CursorPos X="10" Y="331"/>
        <UsageCount Value="12"/>
      </Unit174>
      <Unit175>
        <Filename Value=""/>
        <UsageCount Value="10"/>
      </Unit175>
      <Unit176>
        <Filename Value="..\..\..\..\Source\Asphyre.Textures.DX9.pas"/>
        <UnitName Value="Asphyre.Textures.DX9"/>
        <WindowIndex Value="0"/>
        <TopLine Value="2"/>
        <CursorPos X="20" Y="25"/>
        <UsageCount Value="10"/>
      </Unit176>
      <Unit177>
        <Filename Value="..\..\..\..\Source\Asphyre.Providers.GL.pas"/>
        <UnitName Value="Asphyre.Providers.GL"/>
        <EditorIndex Value="3"/>
        <WindowIndex Value="0"/>
        <TopLine Value="72"/>
        <CursorPos X="104" Y="93"/>
        <UsageCount Value="11"/>
        <Loaded Value="True"/>
      </Unit177>
      <Unit178>
        <Filename Value="..\..\..\..\Source\Asphyre.Devices.GL.X.pas"/>
        <UnitName Value="Asphyre.Devices.GL.X"/>
        <EditorIndex Value="4"/>
        <WindowIndex Value="0"/>
        <TopLine Value="331"/>
        <CursorPos X="34" Y="371"/>
        <UsageCount Value="11"/>
        <Loaded Value="True"/>
      </Unit178>
      <Unit179>
        <Filename Value="..\..\..\..\Source\Asphyre.Devices.GL.Win.pas"/>
        <UnitName Value="Asphyre.Devices.GL.Win"/>
        <EditorIndex Value="5"/>
        <WindowIndex Value="0"/>
        <TopLine Value="427"/>
        <CursorPos X="24" Y="440"/>
        <UsageCount Value="10"/>
        <Loaded Value="True"/>
        <DefaultSyntaxHighlighter Value="Delphi"/>
      </Unit179>
      <Unit180>
        <Filename Value="..\..\..\..\..\..\..\..\usr\lib\codetyphon\fpcsrc\packages\opengl\src\glx.pp"/>
        <UnitName Value="GLX"/>
        <WindowIndex Value="0"/>
        <TopLine Value="163"/>
        <CursorPos X="11" Y="200"/>
        <UsageCount Value="10"/>
      </Unit180>
      <Unit181>
        <Filename Value="..\..\..\..\..\..\..\..\media\marco\Marco\Linguagens\Delphi\Engines\Asphyre SVN\branches\sphinx\3\Source\Providers\XGLDevices.pas"/>
        <UnitName Value="XGLDevices"/>
        <WindowIndex Value="0"/>
        <TopLine Value="19"/>
        <CursorPos X="11" Y="41"/>
        <UsageCount Value="10"/>
      </Unit181>
      <Unit182>
        <Filename Value="..\..\..\..\Source\Asphyre.Devices.GLES.pas"/>
        <WindowIndex Value="0"/>
        <TopLine Value="1"/>
        <CursorPos X="1" Y="1"/>
        <UsageCount Value="10"/>
        <DefaultSyntaxHighlighter Value="Delphi"/>
      </Unit182>
      <Unit183>
        <Filename Value="..\..\..\..\Source\Asphyre.Devices.GL.FMX.pas"/>
        <UnitName Value="Asphyre.Devices.GL.FMX"/>
        <WindowIndex Value="0"/>
        <TopLine Value="7"/>
        <CursorPos X="15" Y="44"/>
        <UsageCount Value="10"/>
        <DefaultSyntaxHighlighter Value="Delphi"/>
      </Unit183>
      <Unit184>
        <Filename Value="..\..\..\..\Source\Asphyre.Devices.pas"/>
        <UnitName Value="Asphyre.Devices"/>
        <EditorIndex Value="1"/>
        <WindowIndex Value="0"/>
        <TopLine Value="519"/>
        <CursorPos X="1" Y="551"/>
        <UsageCount Value="10"/>
        <Loaded Value="True"/>
        <DefaultSyntaxHighlighter Value="Delphi"/>
      </Unit184>
      <Unit185>
        <Filename Value="..\..\..\..\Source\Asphyre.Providers.pas"/>
        <UnitName Value="Asphyre.Providers"/>
        <WindowIndex Value="0"/>
        <TopLine Value="215"/>
        <CursorPos X="1" Y="236"/>
        <UsageCount Value="10"/>
        <DefaultSyntaxHighlighter Value="Delphi"/>
      </Unit185>
      <Unit186>
        <Filename Value="..\..\..\..\Source\Asphyre.Events.Types.pas"/>
        <UnitName Value="Asphyre.Events.Types"/>
        <EditorIndex Value="2"/>
        <WindowIndex Value="0"/>
        <TopLine Value="445"/>
        <CursorPos X="1" Y="468"/>
        <UsageCount Value="10"/>
        <Loaded Value="True"/>
        <DefaultSyntaxHighlighter Value="Delphi"/>
      </Unit186>
      <Unit187>
        <Filename Value="..\..\..\..\Source\Asphyre.Native.Connectors.pas"/>
        <UnitName Value="Asphyre.Native.Connectors"/>
        <WindowIndex Value="0"/>
        <TopLine Value="69"/>
        <CursorPos X="1" Y="91"/>
        <UsageCount Value="10"/>
        <DefaultSyntaxHighlighter Value="Delphi"/>
      </Unit187>
      <Unit188>
        <Filename Value="..\..\..\..\Source\Asphyre.GL.pas"/>
        <UnitName Value="Asphyre.GL"/>
        <EditorIndex Value="6"/>
        <WindowIndex Value="0"/>
        <TopLine Value="1"/>
        <CursorPos X="1" Y="1"/>
        <UsageCount Value="10"/>
        <Loaded Value="True"/>
        <DefaultSyntaxHighlighter Value="Delphi"/>
      </Unit188>
    </Units>
    <JumpHistory Count="30" HistoryIndex="29">
      <Position1>
        <Filename Value="..\..\..\..\Source\Asphyre.GL.pas"/>
        <Caret Line="2374" Column="25" TopLine="2341"/>
      </Position1>
      <Position2>
        <Filename Value="..\..\..\..\Source\Asphyre.GL.pas"/>
        <Caret Line="2375" Column="25" TopLine="2342"/>
      </Position2>
      <Position3>
        <Filename Value="..\..\..\..\Source\Asphyre.Providers.GL.pas"/>
        <Caret Line="96" Column="1" TopLine="74"/>
      </Position3>
      <Position4>
        <Filename Value="..\..\..\..\Source\Asphyre.Devices.GL.X.pas"/>
        <Caret Line="336" Column="21" TopLine="335"/>
      </Position4>
      <Position5>
        <Filename Value="..\..\..\..\Source\Asphyre.Devices.GL.X.pas"/>
        <Caret Line="1" Column="1" TopLine="1"/>
      </Position5>
      <Position6>
        <Filename Value="..\..\..\..\Source\Asphyre.Devices.GL.X.pas"/>
        <Caret Line="358" Column="20" TopLine="325"/>
      </Position6>
      <Position7>
        <Filename Value="BasicL.lpr"/>
        <Caret Line="16" Column="1" TopLine="1"/>
      </Position7>
      <Position8>
        <Filename Value="MainFm.pas"/>
        <Caret Line="76" Column="1" TopLine="56"/>
      </Position8>
      <Position9>
        <Filename Value="..\..\..\..\Source\Asphyre.Providers.GL.pas"/>
        <Caret Line="96" Column="1" TopLine="76"/>
      </Position9>
      <Position10>
        <Filename Value="MainFm.pas"/>
        <Caret Line="193" Column="1" TopLine="173"/>
      </Position10>
      <Position11>
        <Filename Value="..\..\..\..\Source\Asphyre.Devices.pas"/>
        <Caret Line="491" Column="1" TopLine="469"/>
      </Position11>
      <Position12>
        <Filename Value="..\..\..\..\Source\Asphyre.Devices.pas"/>
        <Caret Line="493" Column="1" TopLine="469"/>
      </Position12>
      <Position13>
        <Filename Value="..\..\..\..\Source\Asphyre.Devices.pas"/>
        <Caret Line="499" Column="1" TopLine="475"/>
      </Position13>
      <Position14>
        <Filename Value="..\..\..\..\Source\Asphyre.Devices.pas"/>
        <Caret Line="505" Column="1" TopLine="475"/>
      </Position14>
      <Position15>
        <Filename Value="..\..\..\..\Source\Asphyre.Devices.pas"/>
        <Caret Line="508" Column="1" TopLine="484"/>
      </Position15>
      <Position16>
        <Filename Value="..\..\..\..\Source\Asphyre.Devices.pas"/>
        <Caret Line="509" Column="1" TopLine="490"/>
      </Position16>
      <Position17>
        <Filename Value="..\..\..\..\Source\Asphyre.Devices.pas"/>
        <Caret Line="511" Column="1" TopLine="490"/>
      </Position17>
      <Position18>
        <Filename Value="..\..\..\..\Source\Asphyre.Devices.pas"/>
        <Caret Line="514" Column="1" TopLine="497"/>
      </Position18>
      <Position19>
        <Filename Value="..\..\..\..\Source\Asphyre.Devices.pas"/>
        <Caret Line="515" Column="1" TopLine="497"/>
      </Position19>
      <Position20>
        <Filename Value="..\..\..\..\Source\Asphyre.Devices.pas"/>
        <Caret Line="522" Column="1" TopLine="503"/>
      </Position20>
      <Position21>
        <Filename Value="..\..\..\..\Source\Asphyre.Devices.pas"/>
        <Caret Line="525" Column="1" TopLine="503"/>
      </Position21>
      <Position22>
        <Filename Value="..\..\..\..\Source\Asphyre.Devices.pas"/>
        <Caret Line="526" Column="1" TopLine="503"/>
      </Position22>
      <Position23>
        <Filename Value="..\..\..\..\Source\Asphyre.Devices.pas"/>
        <Caret Line="537" Column="1" TopLine="517"/>
      </Position23>
      <Position24>
        <Filename Value="..\..\..\..\Source\Asphyre.Devices.pas"/>
        <Caret Line="538" Column="1" TopLine="517"/>
      </Position24>
      <Position25>
        <Filename Value="..\..\..\..\Source\Asphyre.Devices.pas"/>
        <Caret Line="550" Column="1" TopLine="518"/>
      </Position25>
      <Position26>
        <Filename Value="..\..\..\..\Source\Asphyre.Devices.pas"/>
        <Caret Line="551" Column="1" TopLine="519"/>
      </Position26>
      <Position27>
        <Filename Value="..\..\..\..\Source\Asphyre.Providers.GL.pas"/>
        <Caret Line="96" Column="1" TopLine="76"/>
      </Position27>
      <Position28>
        <Filename Value="MainFm.pas"/>
        <Caret Line="198" Column="58" TopLine="173"/>
      </Position28>
      <Position29>
        <Filename Value="MainFm.pas"/>
        <Caret Line="180" Column="30" TopLine="173"/>
      </Position29>
      <Position30>
        <Filename Value="MainFm.pas"/>
        <Caret Line="76" Column="1" TopLine="56"/>
      </Position30>
    </JumpHistory>
  </ProjectOptions>
  <CompilerOptions>
    <Version Value="11"/>
    <PathDelim Value="\"/>
    <SearchPaths>
      <IncludeFiles Value="..\..\..\..\Source;..\..\..\..\Source\Providers;..\..\..\..\Source\Headers;..\..\..\..\Source\GUI"/>
      <Libraries Value="..\..\..\..\Source;..\..\..\..\Source\Providers;..\..\..\..\Source\Headers;..\..\..\..\Source\GUI"/>
      <OtherUnitFiles Value="..\..\..\..\Source;..\..\..\..\Source\Providers;..\..\..\..\Source\Headers;..\..\..\..\Source\GUI"/>
    </SearchPaths>
    <Parsing>
      <Style Value="1"/>
      <SyntaxOptions>
        <SyntaxMode Value="Delphi"/>
        <CStyleOperator Value="False"/>
        <UseAnsiStrings Value="False"/>
      </SyntaxOptions>
    </Parsing>
    <CodeGeneration>
      <SmartLinkUnit Value="True"/>
      <Optimizations>
        <VariablesInRegisters Value="True"/>
        <OptimizationLevel Value="3"/>
      </Optimizations>
    </CodeGeneration>
    <Linking>
      <Debugging>
        <StripSymbols Value="True"/>
      </Debugging>
      <LinkSmart Value="True"/>
      <Options>
        <Win32>
          <GraphicApplication Value="True"/>
        </Win32>
      </Options>
    </Linking>
    <Other>
      <CompilerMessages>
        <UseMsgFile Value="True"/>
      </CompilerMessages>
      <CustomOptions Value="-CfSSE3"/>
      <CompilerPath Value="$(CompPath)"/>
    </Other>
  </CompilerOptions>
  <Debugging>
    <Watches Count="2">
      <Item1>
        <Expression Value="Data^"/>
        <Enabled Value="False"/>
      </Item1>
      <Item2>
        <Expression Value="Result"/>
        <Enabled Value="False"/>
      </Item2>
    </Watches>
    <Exceptions Count="2">
      <Item1>
        <Name Value="ECodetoolError"/>
      </Item1>
      <Item2>
        <Name Value="EFOpenError"/>
      </Item2>
    </Exceptions>
  </Debugging>
  <EditorMacros Count="0"/>
</CONFIG>